
Microsoft Visual Studio Solution File, Format Version 12.00
# Visual Studio Version 17
VisualStudioVersion = 17.6.33829.357
MinimumVisualStudioVersion = 10.0.40219.1
Project("{9A19103F-16F7-4668-BE54-9A1E7A4F7556}") = "Accessibility modifiers", "Accessibility modifiers\Accessibility modifiers.csproj", "{A242255D-69DC-43D4-B226-FE2BDC7EE306}"
EndProject
Project("{9A19103F-16F7-4668-BE54-9A1E7A4F7556}") = "Core", "Core\Core.csproj", "{101E8851-63E6-4443-9C12-7079C17FF51C}"
EndProject
Project("{FAE04EC0-301F-11D3-BF4B-00C04F79EFBC}") = "DataBase", "DataBase\DataBase.csproj", "{CE4173F5-B669-4D2D-9A97-342689ECBFFC}"
EndProject
Global
	GlobalSection(SolutionConfigurationPlatforms) = preSolution
		Debug|Any CPU = Debug|Any CPU
		Release|Any CPU = Release|Any CPU
	EndGlobalSection
	GlobalSection(ProjectConfigurationPlatforms) = postSolution
		{A242255D-69DC-43D4-B226-FE2BDC7EE306}.Debug|Any CPU.ActiveCfg = Debug|Any CPU
		{A242255D-69DC-43D4-B226-FE2BDC7EE306}.Debug|Any CPU.Build.0 = Debug|Any CPU
		{A242255D-69DC-43D4-B226-FE2BDC7EE306}.Release|Any CPU.ActiveCfg = Release|Any CPU
		{A242255D-69DC-43D4-B226-FE2BDC7EE306}.Release|Any CPU.Build.0 = Release|Any CPU
		{101E8851-63E6-4443-9C12-7079C17FF51C}.Debug|Any CPU.ActiveCfg = Debug|Any CPU
		{101E8851-63E6-4443-9C12-7079C17FF51C}.Debug|Any CPU.Build.0 = Debug|Any CPU
		{101E8851-63E6-4443-9C12-7079C17FF51C}.Release|Any CPU.ActiveCfg = Release|Any CPU
		{101E8851-63E6-4443-9C12-7079C17FF51C}.Release|Any CPU.Build.0 = Release|Any CPU
		{CE4173F5-B669-4D2D-9A97-342689ECBFFC}.Debug|Any CPU.ActiveCfg = Debug|Any CPU
		{CE4173F5-B669-4D2D-9A97-342689ECBFFC}.Debug|Any CPU.Build.0 = Debug|Any CPU
		{CE4173F5-B669-4D2D-9A97-342689ECBFFC}.Release|Any CPU.ActiveCfg = Release|Any CPU
		{CE4173F5-B669-4D2D-9A97-342689ECBFFC}.Release|Any CPU.Build.0 = Release|Any CPU
	EndGlobalSection
	GlobalSection(SolutionProperties) = preSolution
		HideSolutionNode = FALSE
	EndGlobalSection
	GlobalSection(ExtensibilityGlobals) = postSolution
		SolutionGuid = {B9D6A32A-8839-4BCB-9152-1F4E21857E15}
	EndGlobalSection
EndGlobal
